{
  "name": "unofficial-zenkey-nodejs-sdk",
  "version": "1.0.0",
  "lockfileVersion": 2,
  "requires": true,
  "packages": {
    "": {
      "version": "1.0.0",
      "license": "ISC",
      "dependencies": {
        "fs": "^0.0.1-security",
        "node-fetch": "^2.6.1",
        "randomstring": "^1.2.1"
      },
      "devDependencies": {
        "typescript": "^4.3.5"
      }
    },
    "node_modules/array-uniq": {
      "version": "1.0.2",
      "resolved": "https://registry.npmjs.org/array-uniq/-/array-uniq-1.0.2.tgz",
      "integrity": "sha1-X8w3OSB3VyPP1k1lxkvvU7+eum0=",
      "engines": {
        "node": ">=0.10.0"
      }
    },
    "node_modules/fs": {
      "version": "0.0.1-security",
      "resolved": "https://registry.npmjs.org/fs/-/fs-0.0.1-security.tgz",
      "integrity": "sha1-invTcYa23d84E/I4WLV+yq9eQdQ="
    },
    "node_modules/node-fetch": {
      "version": "2.6.1",
      "resolved": "https://registry.npmjs.org/node-fetch/-/node-fetch-2.6.1.tgz",
      "integrity": "sha512-V4aYg89jEoVRxRb2fJdAg8FHvI7cEyYdVAh94HH0UIK8oJxUfkjlDQN9RbMx+bEjP7+ggMiFRprSti032Oipxw==",
      "engines": {
        "node": "4.x || >=6.0.0"
      }
    },
    "node_modules/randombytes": {
      "version": "2.0.3",
      "resolved": "https://registry.npmjs.org/randombytes/-/randombytes-2.0.3.tgz",
      "integrity": "sha1-Z0yZdgkBw8QRJ3GjHlIdw0nMCew="
    },
    "node_modules/randomstring": {
      "version": "1.2.1",
      "resolved": "https://registry.npmjs.org/randomstring/-/randomstring-1.2.1.tgz",
      "integrity": "sha512-eMnfell9XuU3jfCx3f4xCaFAt0YMFPZhx9R3PSStmLarDKg5j5vivqKhf/8pvG+VX/YkxsckHK/VPUrKa5V07A==",
      "dependencies": {
        "array-uniq": "1.0.2",
        "randombytes": "2.0.3"
      },
      "bin": {
        "randomstring": "bin/randomstring"
      },
      "engines": {
        "node": "*"
      }
    },
    "node_modules/typescript": {
      "version": "4.3.5",
      "resolved": "https://registry.npmjs.org/typescript/-/typescript-4.3.5.tgz",
      "integrity": "sha512-DqQgihaQ9cUrskJo9kIyW/+g0Vxsk8cDtZ52a3NGh0YNTfpUSArXSohyUGnvbPazEPLu398C0UxmKSOrPumUzA==",
      "dev": true,
      "bin": {
        "tsc": "bin/tsc",
        "tsserver": "bin/tsserver"
      },
      "engines": {
        "node": ">=4.2.0"
      }
    }
  },
  "dependencies": {
    "array-uniq": {
      "version": "1.0.2",
      "resolved": "https://registry.npmjs.org/array-uniq/-/array-uniq-1.0.2.tgz",
      "integrity": "sha1-X8w3OSB3VyPP1k1lxkvvU7+eum0="
    },
    "fs": {
      "version": "0.0.1-security",
      "resolved": "https://registry.npmjs.org/fs/-/fs-0.0.1-security.tgz",
      "integrity": "sha1-invTcYa23d84E/I4WLV+yq9eQdQ="
    },
    "node-fetch": {
      "version": "2.6.1",
      "resolved": "https://registry.npmjs.org/node-fetch/-/node-fetch-2.6.1.tgz",
      "integrity": "sha512-V4aYg89jEoVRxRb2fJdAg8FHvI7cEyYdVAh94HH0UIK8oJxUfkjlDQN9RbMx+bEjP7+ggMiFRprSti032Oipxw=="
    },
    "randombytes": {
      "version": "2.0.3",
      "resolved": "https://registry.npmjs.org/randombytes/-/randombytes-2.0.3.tgz",
      "integrity": "sha1-Z0yZdgkBw8QRJ3GjHlIdw0nMCew="
    },
    "randomstring": {
      "version": "1.2.1",
      "resolved": "https://registry.npmjs.org/randomstring/-/randomstring-1.2.1.tgz",
      "integrity": "sha512-eMnfell9XuU3jfCx3f4xCaFAt0YMFPZhx9R3PSStmLarDKg5j5vivqKhf/8pvG+VX/YkxsckHK/VPUrKa5V07A==",
      "requires": {
        "array-uniq": "1.0.2",
        "randombytes": "2.0.3"
      }
    },
    "typescript": {
      "version": "4.3.5",
      "resolved": "https://registry.npmjs.org/typescript/-/typescript-4.3.5.tgz",
      "integrity": "sha512-DqQgihaQ9cUrskJo9kIyW/+g0Vxsk8cDtZ52a3NGh0YNTfpUSArXSohyUGnvbPazEPLu398C0UxmKSOrPumUzA==",
      "dev": true
    }
  }
}
